
Microsoft Visual Studio Solution File, Format Version 12.00
# Visual Studio 15
VisualStudioVersion = 15.0.28307.902
MinimumVisualStudioVersion = 10.0.40219.1
Project("{2150E333-8FDC-42A3-9474-1A3956D46DE8}") = "Microservices", "Microservices", "{4F6207D4-AA76-4C83-8443-EF5E0579DB5F}"
EndProject
Project("{2150E333-8FDC-42A3-9474-1A3956D46DE8}") = "Domain", "Domain", "{6AD35318-025F-49F2-ABF6-67BB15E9AF44}"
EndProject
Project("{2150E333-8FDC-42A3-9474-1A3956D46DE8}") = "Infra.Bus", "Infra.Bus", "{C58F09BE-87BA-48E1-9E5D-C78079E693F2}"
EndProject
Project("{2150E333-8FDC-42A3-9474-1A3956D46DE8}") = "Infra.Ioc", "Infra.Ioc", "{D70D19A3-FB1B-48D5-8178-DFE5F29B434F}"
EndProject
Project("{2150E333-8FDC-42A3-9474-1A3956D46DE8}") = "Presentation", "Presentation", "{32181A80-ECE6-49F5-B8E8-203C07DCF699}"
EndProject
Project("{FAE04EC0-301F-11D3-BF4B-00C04F79EFBC}") = "Microrabbit.Domain.Core", "Microrabbit.Domain.Core\Microrabbit.Domain.Core.csproj", "{7618FA87-1259-4747-A4AC-1AFDB16B166E}"
EndProject
Project("{FAE04EC0-301F-11D3-BF4B-00C04F79EFBC}") = "Microrabbit.Infra.Bus", "Microrabbit.Infra.Bus\Microrabbit.Infra.Bus.csproj", "{BA6787FB-A5B1-474A-ADBF-D3C45B70E5D5}"
EndProject
Project("{FAE04EC0-301F-11D3-BF4B-00C04F79EFBC}") = "MicroRabbit.Infra.Ioc", "MicroRabbit.Infra.Ioc\MicroRabbit.Infra.Ioc.csproj", "{139D9149-8E12-4DCA-8F82-4C1905FAA973}"
EndProject
Project("{2150E333-8FDC-42A3-9474-1A3956D46DE8}") = "Banking", "Banking", "{78CE5AC0-C030-475B-A737-742A92E62A55}"
EndProject
Project("{2150E333-8FDC-42A3-9474-1A3956D46DE8}") = "Api", "Api", "{49EA6045-F2C7-44CF-8AAD-0EE5B04322FE}"
EndProject
Project("{2150E333-8FDC-42A3-9474-1A3956D46DE8}") = "Domain", "Domain", "{8B4DF8EC-4656-47CD-8016-AA58FD72C696}"
EndProject
Project("{2150E333-8FDC-42A3-9474-1A3956D46DE8}") = "Application", "Application", "{9552A47F-AC1A-473B-B9F6-C44D5900A2E8}"
EndProject
Project("{2150E333-8FDC-42A3-9474-1A3956D46DE8}") = "Data", "Data", "{1D4A9B55-F34F-4355-8BE5-4839BB641651}"
EndProject
Project("{FAE04EC0-301F-11D3-BF4B-00C04F79EFBC}") = "RabbitMq.Banking.Api", "RabbitMq.Banking.Api\RabbitMq.Banking.Api.csproj", "{6BA24B2D-B01C-45AB-A454-EF3AF1908773}"
EndProject
Project("{FAE04EC0-301F-11D3-BF4B-00C04F79EFBC}") = "RabbitMq.Banking.Application", "RabbitMq.Banking.Application\RabbitMq.Banking.Application.csproj", "{27CFFE22-F990-4205-9B6B-811AE64430C9}"
EndProject
Project("{FAE04EC0-301F-11D3-BF4B-00C04F79EFBC}") = "RabbitMq.Banking.Data", "RabbitMq.Banking.Data\RabbitMq.Banking.Data.csproj", "{D512C781-9861-44B7-B86E-E69FCE0A5EF9}"
EndProject
Project("{FAE04EC0-301F-11D3-BF4B-00C04F79EFBC}") = "RabbitMq.Banking.Domain", "RabbitMq.Banking.Domain\RabbitMq.Banking.Domain.csproj", "{F79E2DA1-CC6A-48A2-AEE0-050680683667}"
EndProject
Global
	GlobalSection(SolutionConfigurationPlatforms) = preSolution
		Debug|Any CPU = Debug|Any CPU
		Release|Any CPU = Release|Any CPU
	EndGlobalSection
	GlobalSection(ProjectConfigurationPlatforms) = postSolution
		{7618FA87-1259-4747-A4AC-1AFDB16B166E}.Debug|Any CPU.ActiveCfg = Debug|Any CPU
		{7618FA87-1259-4747-A4AC-1AFDB16B166E}.Debug|Any CPU.Build.0 = Debug|Any CPU
		{7618FA87-1259-4747-A4AC-1AFDB16B166E}.Release|Any CPU.ActiveCfg = Release|Any CPU
		{7618FA87-1259-4747-A4AC-1AFDB16B166E}.Release|Any CPU.Build.0 = Release|Any CPU
		{BA6787FB-A5B1-474A-ADBF-D3C45B70E5D5}.Debug|Any CPU.ActiveCfg = Debug|Any CPU
		{BA6787FB-A5B1-474A-ADBF-D3C45B70E5D5}.Debug|Any CPU.Build.0 = Debug|Any CPU
		{BA6787FB-A5B1-474A-ADBF-D3C45B70E5D5}.Release|Any CPU.ActiveCfg = Release|Any CPU
		{BA6787FB-A5B1-474A-ADBF-D3C45B70E5D5}.Release|Any CPU.Build.0 = Release|Any CPU
		{139D9149-8E12-4DCA-8F82-4C1905FAA973}.Debug|Any CPU.ActiveCfg = Debug|Any CPU
		{139D9149-8E12-4DCA-8F82-4C1905FAA973}.Debug|Any CPU.Build.0 = Debug|Any CPU
		{139D9149-8E12-4DCA-8F82-4C1905FAA973}.Release|Any CPU.ActiveCfg = Release|Any CPU
		{139D9149-8E12-4DCA-8F82-4C1905FAA973}.Release|Any CPU.Build.0 = Release|Any CPU
		{6BA24B2D-B01C-45AB-A454-EF3AF1908773}.Debug|Any CPU.ActiveCfg = Debug|Any CPU
		{6BA24B2D-B01C-45AB-A454-EF3AF1908773}.Debug|Any CPU.Build.0 = Debug|Any CPU
		{6BA24B2D-B01C-45AB-A454-EF3AF1908773}.Release|Any CPU.ActiveCfg = Release|Any CPU
		{6BA24B2D-B01C-45AB-A454-EF3AF1908773}.Release|Any CPU.Build.0 = Release|Any CPU
		{27CFFE22-F990-4205-9B6B-811AE64430C9}.Debug|Any CPU.ActiveCfg = Debug|Any CPU
		{27CFFE22-F990-4205-9B6B-811AE64430C9}.Debug|Any CPU.Build.0 = Debug|Any CPU
		{27CFFE22-F990-4205-9B6B-811AE64430C9}.Release|Any CPU.ActiveCfg = Release|Any CPU
		{27CFFE22-F990-4205-9B6B-811AE64430C9}.Release|Any CPU.Build.0 = Release|Any CPU
		{D512C781-9861-44B7-B86E-E69FCE0A5EF9}.Debug|Any CPU.ActiveCfg = Debug|Any CPU
		{D512C781-9861-44B7-B86E-E69FCE0A5EF9}.Debug|Any CPU.Build.0 = Debug|Any CPU
		{D512C781-9861-44B7-B86E-E69FCE0A5EF9}.Release|Any CPU.ActiveCfg = Release|Any CPU
		{D512C781-9861-44B7-B86E-E69FCE0A5EF9}.Release|Any CPU.Build.0 = Release|Any CPU
		{F79E2DA1-CC6A-48A2-AEE0-050680683667}.Debug|Any CPU.ActiveCfg = Debug|Any CPU
		{F79E2DA1-CC6A-48A2-AEE0-050680683667}.Debug|Any CPU.Build.0 = Debug|Any CPU
		{F79E2DA1-CC6A-48A2-AEE0-050680683667}.Release|Any CPU.ActiveCfg = Release|Any CPU
		{F79E2DA1-CC6A-48A2-AEE0-050680683667}.Release|Any CPU.Build.0 = Release|Any CPU
	EndGlobalSection
	GlobalSection(SolutionProperties) = preSolution
		HideSolutionNode = FALSE
	EndGlobalSection
	GlobalSection(NestedProjects) = preSolution
		{7618FA87-1259-4747-A4AC-1AFDB16B166E} = {6AD35318-025F-49F2-ABF6-67BB15E9AF44}
		{BA6787FB-A5B1-474A-ADBF-D3C45B70E5D5} = {C58F09BE-87BA-48E1-9E5D-C78079E693F2}
		{139D9149-8E12-4DCA-8F82-4C1905FAA973} = {D70D19A3-FB1B-48D5-8178-DFE5F29B434F}
		{78CE5AC0-C030-475B-A737-742A92E62A55} = {4F6207D4-AA76-4C83-8443-EF5E0579DB5F}
		{49EA6045-F2C7-44CF-8AAD-0EE5B04322FE} = {78CE5AC0-C030-475B-A737-742A92E62A55}
		{8B4DF8EC-4656-47CD-8016-AA58FD72C696} = {78CE5AC0-C030-475B-A737-742A92E62A55}
		{9552A47F-AC1A-473B-B9F6-C44D5900A2E8} = {78CE5AC0-C030-475B-A737-742A92E62A55}
		{1D4A9B55-F34F-4355-8BE5-4839BB641651} = {78CE5AC0-C030-475B-A737-742A92E62A55}
		{6BA24B2D-B01C-45AB-A454-EF3AF1908773} = {49EA6045-F2C7-44CF-8AAD-0EE5B04322FE}
		{27CFFE22-F990-4205-9B6B-811AE64430C9} = {9552A47F-AC1A-473B-B9F6-C44D5900A2E8}
		{D512C781-9861-44B7-B86E-E69FCE0A5EF9} = {1D4A9B55-F34F-4355-8BE5-4839BB641651}
		{F79E2DA1-CC6A-48A2-AEE0-050680683667} = {8B4DF8EC-4656-47CD-8016-AA58FD72C696}
	EndGlobalSection
	GlobalSection(ExtensibilityGlobals) = postSolution
		SolutionGuid = {4DFB1EF0-BD36-463C-8626-546E880678C0}
	EndGlobalSection
EndGlobal
